
Microsoft Visual Studio Solution File, Format Version 12.00
# Visual Studio Version 16
VisualStudioVersion = 16.0.31729.503
MinimumVisualStudioVersion = 10.0.40219.1
Project("{FAE04EC0-301F-11D3-BF4B-00C04F79EFBC}") = "RetriveDataByHand", "RetriveDataByHand\RetriveDataByHand.csproj", "{366C1488-5622-44AB-900F-5E768ECBD0C1}"
EndProject
Global
	GlobalSection(SolutionConfigurationPlatforms) = preSolution
		Debug|Any CPU = Debug|Any CPU
		Release|Any CPU = Release|Any CPU
	EndGlobalSection
	GlobalSection(ProjectConfigurationPlatforms) = postSolution
		{366C1488-5622-44AB-900F-5E768ECBD0C1}.Debug|Any CPU.ActiveCfg = Debug|Any CPU
		{366C1488-5622-44AB-900F-5E768ECBD0C1}.Debug|Any CPU.Build.0 = Debug|Any CPU
		{366C1488-5622-44AB-900F-5E768ECBD0C1}.Release|Any CPU.ActiveCfg = Release|Any CPU
		{366C1488-5622-44AB-900F-5E768ECBD0C1}.Release|Any CPU.Build.0 = Release|Any CPU
	EndGlobalSection
	GlobalSection(SolutionProperties) = preSolution
		HideSolutionNode = FALSE
	EndGlobalSection
	GlobalSection(ExtensibilityGlobals) = postSolution
		SolutionGuid = {5C406348-7063-4246-A6CF-8276030C7941}
	EndGlobalSection
EndGlobal
